
Microsoft Visual Studio Solution File, Format Version 12.00
# Visual Studio Version 17
VisualStudioVersion = 17.7.34003.232
MinimumVisualStudioVersion = 10.0.40219.1
Project("{FAE04EC0-301F-11D3-BF4B-00C04F79EFBC}") = "TA20-ej5", "TA20-ej5.csproj", "{8E6279DD-DFF2-4107-A3D6-33B1465A2883}"
EndProject
Global
	GlobalSection(SolutionConfigurationPlatforms) = preSolution
		Debug|Any CPU = Debug|Any CPU
		Release|Any CPU = Release|Any CPU
	EndGlobalSection
	GlobalSection(ProjectConfigurationPlatforms) = postSolution
		{8E6279DD-DFF2-4107-A3D6-33B1465A2883}.Debug|Any CPU.ActiveCfg = Debug|Any CPU
		{8E6279DD-DFF2-4107-A3D6-33B1465A2883}.Debug|Any CPU.Build.0 = Debug|Any CPU
		{8E6279DD-DFF2-4107-A3D6-33B1465A2883}.Release|Any CPU.ActiveCfg = Release|Any CPU
		{8E6279DD-DFF2-4107-A3D6-33B1465A2883}.Release|Any CPU.Build.0 = Release|Any CPU
	EndGlobalSection
	GlobalSection(SolutionProperties) = preSolution
		HideSolutionNode = FALSE
	EndGlobalSection
	GlobalSection(ExtensibilityGlobals) = postSolution
		SolutionGuid = {4340C28B-8968-4E92-BF21-EC93256ECE6A}
	EndGlobalSection
EndGlobal
