
Microsoft Visual Studio Solution File, Format Version 12.00
# Visual Studio Version 17
VisualStudioVersion = 17.7.34003.232
MinimumVisualStudioVersion = 10.0.40219.1
Project("{FAE04EC0-301F-11D3-BF4B-00C04F79EFBC}") = "TA20-ej1", "TA20-ej1.csproj", "{433E2F45-C2FD-41DB-93A6-B6E30652DC46}"
EndProject
Global
	GlobalSection(SolutionConfigurationPlatforms) = preSolution
		Debug|Any CPU = Debug|Any CPU
		Release|Any CPU = Release|Any CPU
	EndGlobalSection
	GlobalSection(ProjectConfigurationPlatforms) = postSolution
		{433E2F45-C2FD-41DB-93A6-B6E30652DC46}.Debug|Any CPU.ActiveCfg = Debug|Any CPU
		{433E2F45-C2FD-41DB-93A6-B6E30652DC46}.Debug|Any CPU.Build.0 = Debug|Any CPU
		{433E2F45-C2FD-41DB-93A6-B6E30652DC46}.Release|Any CPU.ActiveCfg = Release|Any CPU
		{433E2F45-C2FD-41DB-93A6-B6E30652DC46}.Release|Any CPU.Build.0 = Release|Any CPU
	EndGlobalSection
	GlobalSection(SolutionProperties) = preSolution
		HideSolutionNode = FALSE
	EndGlobalSection
	GlobalSection(ExtensibilityGlobals) = postSolution
		SolutionGuid = {083E6940-9BB7-4271-B591-16927F88EAC2}
	EndGlobalSection
EndGlobal
