
Microsoft Visual Studio Solution File, Format Version 12.00
# Visual Studio Version 17
VisualStudioVersion = 17.7.34003.232
MinimumVisualStudioVersion = 10.0.40219.1
Project("{FAE04EC0-301F-11D3-BF4B-00C04F79EFBC}") = "TA20-ej3", "TA20-ej3.csproj", "{079940EA-88AE-450D-B30B-F13FCA4ADE0C}"
EndProject
Global
	GlobalSection(SolutionConfigurationPlatforms) = preSolution
		Debug|Any CPU = Debug|Any CPU
		Release|Any CPU = Release|Any CPU
	EndGlobalSection
	GlobalSection(ProjectConfigurationPlatforms) = postSolution
		{079940EA-88AE-450D-B30B-F13FCA4ADE0C}.Debug|Any CPU.ActiveCfg = Debug|Any CPU
		{079940EA-88AE-450D-B30B-F13FCA4ADE0C}.Debug|Any CPU.Build.0 = Debug|Any CPU
		{079940EA-88AE-450D-B30B-F13FCA4ADE0C}.Release|Any CPU.ActiveCfg = Release|Any CPU
		{079940EA-88AE-450D-B30B-F13FCA4ADE0C}.Release|Any CPU.Build.0 = Release|Any CPU
	EndGlobalSection
	GlobalSection(SolutionProperties) = preSolution
		HideSolutionNode = FALSE
	EndGlobalSection
	GlobalSection(ExtensibilityGlobals) = postSolution
		SolutionGuid = {344FAA50-4764-44D3-82BF-F0415DD28FFD}
	EndGlobalSection
EndGlobal
