
Microsoft Visual Studio Solution File, Format Version 12.00
# Visual Studio Version 17
VisualStudioVersion = 17.7.34003.232
MinimumVisualStudioVersion = 10.0.40219.1
Project("{FAE04EC0-301F-11D3-BF4B-00C04F79EFBC}") = "TA20-ej7", "TA20-ej7.csproj", "{5A034F49-CCC8-4E89-905E-2DA6ABB62C90}"
EndProject
Global
	GlobalSection(SolutionConfigurationPlatforms) = preSolution
		Debug|Any CPU = Debug|Any CPU
		Release|Any CPU = Release|Any CPU
	EndGlobalSection
	GlobalSection(ProjectConfigurationPlatforms) = postSolution
		{5A034F49-CCC8-4E89-905E-2DA6ABB62C90}.Debug|Any CPU.ActiveCfg = Debug|Any CPU
		{5A034F49-CCC8-4E89-905E-2DA6ABB62C90}.Debug|Any CPU.Build.0 = Debug|Any CPU
		{5A034F49-CCC8-4E89-905E-2DA6ABB62C90}.Release|Any CPU.ActiveCfg = Release|Any CPU
		{5A034F49-CCC8-4E89-905E-2DA6ABB62C90}.Release|Any CPU.Build.0 = Release|Any CPU
	EndGlobalSection
	GlobalSection(SolutionProperties) = preSolution
		HideSolutionNode = FALSE
	EndGlobalSection
	GlobalSection(ExtensibilityGlobals) = postSolution
		SolutionGuid = {A66A3139-F8CD-45A4-8B1A-E26CF7746A23}
	EndGlobalSection
EndGlobal
